
Microsoft Visual Studio Solution File, Format Version 12.00
# Visual Studio Version 17
VisualStudioVersion = 17.9.34728.123
MinimumVisualStudioVersion = 10.0.40219.1
Project("{FAE04EC0-301F-11D3-BF4B-00C04F79EFBC}") = "StringReverse", "StringReverse\StringReverse.csproj", "{C5B03783-F9DF-49D2-A095-9589FAD9994D}"
EndProject
Global
	GlobalSection(SolutionConfigurationPlatforms) = preSolution
		Debug|Any CPU = Debug|Any CPU
		Release|Any CPU = Release|Any CPU
	EndGlobalSection
	GlobalSection(ProjectConfigurationPlatforms) = postSolution
		{C5B03783-F9DF-49D2-A095-9589FAD9994D}.Debug|Any CPU.ActiveCfg = Debug|Any CPU
		{C5B03783-F9DF-49D2-A095-9589FAD9994D}.Debug|Any CPU.Build.0 = Debug|Any CPU
		{C5B03783-F9DF-49D2-A095-9589FAD9994D}.Release|Any CPU.ActiveCfg = Release|Any CPU
		{C5B03783-F9DF-49D2-A095-9589FAD9994D}.Release|Any CPU.Build.0 = Release|Any CPU
	EndGlobalSection
	GlobalSection(SolutionProperties) = preSolution
		HideSolutionNode = FALSE
	EndGlobalSection
	GlobalSection(ExtensibilityGlobals) = postSolution
		SolutionGuid = {DD694B4C-ADFD-4F00-BED0-C547C65FD5C5}
	EndGlobalSection
EndGlobal
